
Microsoft Visual Studio Solution File, Format Version 12.00
# Visual Studio Version 17
VisualStudioVersion = 17.5.33502.453
MinimumVisualStudioVersion = 10.0.40219.1
Project("{9A19103F-16F7-4668-BE54-9A1E7A4F7556}") = "2pk2_Boyko Maksim", "2pk2_Boyko Maksim\2pk2_Boyko Maksim.csproj", "{E02D9BD1-3AE1-4230-B893-E1732E28B2C0}"
EndProject
Project("{9A19103F-16F7-4668-BE54-9A1E7A4F7556}") = "pz_6", "pz_6\pz_6.csproj", "{11C117B6-F006-4EFB-B558-BB2338963262}"
EndProject
Project("{9A19103F-16F7-4668-BE54-9A1E7A4F7556}") = "PZ_11", "PZ_11\PZ_11.csproj", "{7637C403-77DE-4833-9CFD-AB79A88209F8}"
EndProject
Project("{9A19103F-16F7-4668-BE54-9A1E7A4F7556}") = "PZ_13", "PZ_13\PZ_13.csproj", "{CC27FEE2-04D7-4992-A17B-5C21CE454AAE}"
EndProject
Project("{9A19103F-16F7-4668-BE54-9A1E7A4F7556}") = "PZ_18(2)", "PZ_18(2)\PZ_18(2).csproj", "{2B378CA6-6575-4EAD-99CB-2C98F39AB8C7}"
EndProject
Project("{9A19103F-16F7-4668-BE54-9A1E7A4F7556}") = "PZ_18(1)", "PZ_18(1)\PZ_18(1).csproj", "{FAED5E59-B105-47E0-A5EB-72D42A6AB9AB}"
EndProject
Project("{9A19103F-16F7-4668-BE54-9A1E7A4F7556}") = "PZ_16", "PZ_16\PZ_16.csproj", "{612F59A1-BA3E-4A54-9B39-E9F6128B93E5}"
EndProject
Project("{9A19103F-16F7-4668-BE54-9A1E7A4F7556}") = "PZ_17", "PZ_17\PZ_17.csproj", "{B2D1941E-C61C-4D87-8B7A-3A3E7573861A}"
EndProject
Project("{9A19103F-16F7-4668-BE54-9A1E7A4F7556}") = "PZ_20", "PZ_20\PZ_20.csproj", "{91AE6BC2-20CC-4F25-B71E-F9E59355473F}"
EndProject
Project("{9A19103F-16F7-4668-BE54-9A1E7A4F7556}") = "PZ_21", "PZ_21\PZ_21.csproj", "{5CBC690D-5309-4F69-8E7F-70AA26F06C71}"
EndProject
Project("{9A19103F-16F7-4668-BE54-9A1E7A4F7556}") = "PZ_22", "PZ_22\PZ_22.csproj", "{0D914155-46B9-417E-A9DB-B19225DD7B4B}"
EndProject
Project("{9A19103F-16F7-4668-BE54-9A1E7A4F7556}") = "PZ_23", "PZ_23\PZ_23.csproj", "{D27F3CCE-2E9A-4D52-992C-B3C2F81F416A}"
EndProject
Project("{9A19103F-16F7-4668-BE54-9A1E7A4F7556}") = "PZ_28", "PZ_28\PZ_28.csproj", "{2AFE95DA-019F-4526-9BD0-C31C11E6FF42}"
EndProject
Project("{9A19103F-16F7-4668-BE54-9A1E7A4F7556}") = "PZ_27", "PZ_27\PZ_27.csproj", "{1E346177-7AFC-4C1A-926E-4B35B663F0F0}"
EndProject
Project("{9A19103F-16F7-4668-BE54-9A1E7A4F7556}") = "PZ_19", "PZ_19\PZ_19.csproj", "{0F0EB29C-465C-43E9-A185-8ABCB6FE0069}"
EndProject
Project("{9A19103F-16F7-4668-BE54-9A1E7A4F7556}") = "PZ_25", "PZ_25\PZ_25.csproj", "{9141E2F1-1328-436C-8284-0D6B8F3ACE97}"
EndProject
Project("{9A19103F-16F7-4668-BE54-9A1E7A4F7556}") = "PZ_24", "PZ_24\PZ_24.csproj", "{E781D9EC-3C3E-454C-9405-7D0E03129DF6}"
EndProject
Project("{9A19103F-16F7-4668-BE54-9A1E7A4F7556}") = "BankLibrary", "..\..\..\Desktop\PZ_29\BankLibrary\BankLibrary.csproj", "{A920AE27-FA64-402A-86E4-D61F3749DBD6}"
EndProject
Project("{9A19103F-16F7-4668-BE54-9A1E7A4F7556}") = "BankApplication", "..\..\..\Desktop\PZ_29\BankApplication\BankApplication.csproj", "{0FF2E643-EB0F-4B28-B3A6-ABBAC3D4AA09}"
EndProject
Global
	GlobalSection(SolutionConfigurationPlatforms) = preSolution
		Debug|Any CPU = Debug|Any CPU
		Release|Any CPU = Release|Any CPU
	EndGlobalSection
	GlobalSection(ProjectConfigurationPlatforms) = postSolution
		{E02D9BD1-3AE1-4230-B893-E1732E28B2C0}.Debug|Any CPU.ActiveCfg = Debug|Any CPU
		{E02D9BD1-3AE1-4230-B893-E1732E28B2C0}.Debug|Any CPU.Build.0 = Debug|Any CPU
		{E02D9BD1-3AE1-4230-B893-E1732E28B2C0}.Release|Any CPU.ActiveCfg = Release|Any CPU
		{E02D9BD1-3AE1-4230-B893-E1732E28B2C0}.Release|Any CPU.Build.0 = Release|Any CPU
		{11C117B6-F006-4EFB-B558-BB2338963262}.Debug|Any CPU.ActiveCfg = Debug|Any CPU
		{11C117B6-F006-4EFB-B558-BB2338963262}.Debug|Any CPU.Build.0 = Debug|Any CPU
		{11C117B6-F006-4EFB-B558-BB2338963262}.Release|Any CPU.ActiveCfg = Release|Any CPU
		{11C117B6-F006-4EFB-B558-BB2338963262}.Release|Any CPU.Build.0 = Release|Any CPU
		{7637C403-77DE-4833-9CFD-AB79A88209F8}.Debug|Any CPU.ActiveCfg = Debug|Any CPU
		{7637C403-77DE-4833-9CFD-AB79A88209F8}.Debug|Any CPU.Build.0 = Debug|Any CPU
		{7637C403-77DE-4833-9CFD-AB79A88209F8}.Release|Any CPU.ActiveCfg = Release|Any CPU
		{7637C403-77DE-4833-9CFD-AB79A88209F8}.Release|Any CPU.Build.0 = Release|Any CPU
		{CC27FEE2-04D7-4992-A17B-5C21CE454AAE}.Debug|Any CPU.ActiveCfg = Debug|Any CPU
		{CC27FEE2-04D7-4992-A17B-5C21CE454AAE}.Debug|Any CPU.Build.0 = Debug|Any CPU
		{CC27FEE2-04D7-4992-A17B-5C21CE454AAE}.Release|Any CPU.ActiveCfg = Release|Any CPU
		{CC27FEE2-04D7-4992-A17B-5C21CE454AAE}.Release|Any CPU.Build.0 = Release|Any CPU
		{2B378CA6-6575-4EAD-99CB-2C98F39AB8C7}.Debug|Any CPU.ActiveCfg = Debug|Any CPU
		{2B378CA6-6575-4EAD-99CB-2C98F39AB8C7}.Debug|Any CPU.Build.0 = Debug|Any CPU
		{2B378CA6-6575-4EAD-99CB-2C98F39AB8C7}.Release|Any CPU.ActiveCfg = Release|Any CPU
		{2B378CA6-6575-4EAD-99CB-2C98F39AB8C7}.Release|Any CPU.Build.0 = Release|Any CPU
		{FAED5E59-B105-47E0-A5EB-72D42A6AB9AB}.Debug|Any CPU.ActiveCfg = Debug|Any CPU
		{FAED5E59-B105-47E0-A5EB-72D42A6AB9AB}.Debug|Any CPU.Build.0 = Debug|Any CPU
		{FAED5E59-B105-47E0-A5EB-72D42A6AB9AB}.Release|Any CPU.ActiveCfg = Release|Any CPU
		{FAED5E59-B105-47E0-A5EB-72D42A6AB9AB}.Release|Any CPU.Build.0 = Release|Any CPU
		{612F59A1-BA3E-4A54-9B39-E9F6128B93E5}.Debug|Any CPU.ActiveCfg = Debug|Any CPU
		{612F59A1-BA3E-4A54-9B39-E9F6128B93E5}.Debug|Any CPU.Build.0 = Debug|Any CPU
		{612F59A1-BA3E-4A54-9B39-E9F6128B93E5}.Release|Any CPU.ActiveCfg = Release|Any CPU
		{612F59A1-BA3E-4A54-9B39-E9F6128B93E5}.Release|Any CPU.Build.0 = Release|Any CPU
		{B2D1941E-C61C-4D87-8B7A-3A3E7573861A}.Debug|Any CPU.ActiveCfg = Debug|Any CPU
		{B2D1941E-C61C-4D87-8B7A-3A3E7573861A}.Debug|Any CPU.Build.0 = Debug|Any CPU
		{B2D1941E-C61C-4D87-8B7A-3A3E7573861A}.Release|Any CPU.ActiveCfg = Release|Any CPU
		{B2D1941E-C61C-4D87-8B7A-3A3E7573861A}.Release|Any CPU.Build.0 = Release|Any CPU
		{91AE6BC2-20CC-4F25-B71E-F9E59355473F}.Debug|Any CPU.ActiveCfg = Debug|Any CPU
		{91AE6BC2-20CC-4F25-B71E-F9E59355473F}.Debug|Any CPU.Build.0 = Debug|Any CPU
		{91AE6BC2-20CC-4F25-B71E-F9E59355473F}.Release|Any CPU.ActiveCfg = Release|Any CPU
		{91AE6BC2-20CC-4F25-B71E-F9E59355473F}.Release|Any CPU.Build.0 = Release|Any CPU
		{5CBC690D-5309-4F69-8E7F-70AA26F06C71}.Debug|Any CPU.ActiveCfg = Debug|Any CPU
		{5CBC690D-5309-4F69-8E7F-70AA26F06C71}.Debug|Any CPU.Build.0 = Debug|Any CPU
		{5CBC690D-5309-4F69-8E7F-70AA26F06C71}.Release|Any CPU.ActiveCfg = Release|Any CPU
		{5CBC690D-5309-4F69-8E7F-70AA26F06C71}.Release|Any CPU.Build.0 = Release|Any CPU
		{0D914155-46B9-417E-A9DB-B19225DD7B4B}.Debug|Any CPU.ActiveCfg = Debug|Any CPU
		{0D914155-46B9-417E-A9DB-B19225DD7B4B}.Debug|Any CPU.Build.0 = Debug|Any CPU
		{0D914155-46B9-417E-A9DB-B19225DD7B4B}.Release|Any CPU.ActiveCfg = Release|Any CPU
		{0D914155-46B9-417E-A9DB-B19225DD7B4B}.Release|Any CPU.Build.0 = Release|Any CPU
		{D27F3CCE-2E9A-4D52-992C-B3C2F81F416A}.Debug|Any CPU.ActiveCfg = Debug|Any CPU
		{D27F3CCE-2E9A-4D52-992C-B3C2F81F416A}.Debug|Any CPU.Build.0 = Debug|Any CPU
		{D27F3CCE-2E9A-4D52-992C-B3C2F81F416A}.Release|Any CPU.ActiveCfg = Release|Any CPU
		{D27F3CCE-2E9A-4D52-992C-B3C2F81F416A}.Release|Any CPU.Build.0 = Release|Any CPU
		{2AFE95DA-019F-4526-9BD0-C31C11E6FF42}.Debug|Any CPU.ActiveCfg = Debug|Any CPU
		{2AFE95DA-019F-4526-9BD0-C31C11E6FF42}.Debug|Any CPU.Build.0 = Debug|Any CPU
		{2AFE95DA-019F-4526-9BD0-C31C11E6FF42}.Release|Any CPU.ActiveCfg = Release|Any CPU
		{2AFE95DA-019F-4526-9BD0-C31C11E6FF42}.Release|Any CPU.Build.0 = Release|Any CPU
		{1E346177-7AFC-4C1A-926E-4B35B663F0F0}.Debug|Any CPU.ActiveCfg = Debug|Any CPU
		{1E346177-7AFC-4C1A-926E-4B35B663F0F0}.Debug|Any CPU.Build.0 = Debug|Any CPU
		{1E346177-7AFC-4C1A-926E-4B35B663F0F0}.Release|Any CPU.ActiveCfg = Release|Any CPU
		{1E346177-7AFC-4C1A-926E-4B35B663F0F0}.Release|Any CPU.Build.0 = Release|Any CPU
		{0F0EB29C-465C-43E9-A185-8ABCB6FE0069}.Debug|Any CPU.ActiveCfg = Debug|Any CPU
		{0F0EB29C-465C-43E9-A185-8ABCB6FE0069}.Debug|Any CPU.Build.0 = Debug|Any CPU
		{0F0EB29C-465C-43E9-A185-8ABCB6FE0069}.Release|Any CPU.ActiveCfg = Release|Any CPU
		{0F0EB29C-465C-43E9-A185-8ABCB6FE0069}.Release|Any CPU.Build.0 = Release|Any CPU
		{9141E2F1-1328-436C-8284-0D6B8F3ACE97}.Debug|Any CPU.ActiveCfg = Debug|Any CPU
		{9141E2F1-1328-436C-8284-0D6B8F3ACE97}.Debug|Any CPU.Build.0 = Debug|Any CPU
		{9141E2F1-1328-436C-8284-0D6B8F3ACE97}.Release|Any CPU.ActiveCfg = Release|Any CPU
		{9141E2F1-1328-436C-8284-0D6B8F3ACE97}.Release|Any CPU.Build.0 = Release|Any CPU
		{E781D9EC-3C3E-454C-9405-7D0E03129DF6}.Debug|Any CPU.ActiveCfg = Debug|Any CPU
		{E781D9EC-3C3E-454C-9405-7D0E03129DF6}.Debug|Any CPU.Build.0 = Debug|Any CPU
		{E781D9EC-3C3E-454C-9405-7D0E03129DF6}.Release|Any CPU.ActiveCfg = Release|Any CPU
		{E781D9EC-3C3E-454C-9405-7D0E03129DF6}.Release|Any CPU.Build.0 = Release|Any CPU
		{A920AE27-FA64-402A-86E4-D61F3749DBD6}.Debug|Any CPU.ActiveCfg = Debug|Any CPU
		{A920AE27-FA64-402A-86E4-D61F3749DBD6}.Debug|Any CPU.Build.0 = Debug|Any CPU
		{A920AE27-FA64-402A-86E4-D61F3749DBD6}.Release|Any CPU.ActiveCfg = Release|Any CPU
		{A920AE27-FA64-402A-86E4-D61F3749DBD6}.Release|Any CPU.Build.0 = Release|Any CPU
		{0FF2E643-EB0F-4B28-B3A6-ABBAC3D4AA09}.Debug|Any CPU.ActiveCfg = Debug|Any CPU
		{0FF2E643-EB0F-4B28-B3A6-ABBAC3D4AA09}.Debug|Any CPU.Build.0 = Debug|Any CPU
		{0FF2E643-EB0F-4B28-B3A6-ABBAC3D4AA09}.Release|Any CPU.ActiveCfg = Release|Any CPU
		{0FF2E643-EB0F-4B28-B3A6-ABBAC3D4AA09}.Release|Any CPU.Build.0 = Release|Any CPU
	EndGlobalSection
	GlobalSection(SolutionProperties) = preSolution
		HideSolutionNode = FALSE
	EndGlobalSection
	GlobalSection(ExtensibilityGlobals) = postSolution
		SolutionGuid = {3E2275A7-B267-46B3-A18F-28FD22633A2D}
	EndGlobalSection
EndGlobal
